
Microsoft Visual Studio Solution File, Format Version 12.00
# Visual Studio Version 16
VisualStudioVersion = 16.0.29806.167
MinimumVisualStudioVersion = 10.0.40219.1
Project("{FAE04EC0-301F-11D3-BF4B-00C04F79EFBC}") = "Perspire.Android", "Perspire\Perspire.Android\Perspire.Android.csproj", "{C571DA2F-932C-4506-8B25-FD3E184C4A78}"
EndProject
Project("{FAE04EC0-301F-11D3-BF4B-00C04F79EFBC}") = "Perspire.iOS", "Perspire\Perspire.iOS\Perspire.iOS.csproj", "{0710DFAA-CBD9-459E-BF87-7D63B0E00BBA}"
EndProject
Project("{FAE04EC0-301F-11D3-BF4B-00C04F79EFBC}") = "Perspire", "Perspire\Perspire\Perspire.csproj", "{DFE51B17-3998-443E-AB24-1DC349C6C1DC}"
EndProject
Global
	GlobalSection(SolutionConfigurationPlatforms) = preSolution
		Debug|Any CPU = Debug|Any CPU
		Debug|iPhone = Debug|iPhone
		Debug|iPhoneSimulator = Debug|iPhoneSimulator
		Release|Any CPU = Release|Any CPU
		Release|iPhone = Release|iPhone
		Release|iPhoneSimulator = Release|iPhoneSimulator
	EndGlobalSection
	GlobalSection(ProjectConfigurationPlatforms) = postSolution
		{C571DA2F-932C-4506-8B25-FD3E184C4A78}.Debug|Any CPU.ActiveCfg = Debug|Any CPU
		{C571DA2F-932C-4506-8B25-FD3E184C4A78}.Debug|Any CPU.Build.0 = Debug|Any CPU
		{C571DA2F-932C-4506-8B25-FD3E184C4A78}.Debug|Any CPU.Deploy.0 = Debug|Any CPU
		{C571DA2F-932C-4506-8B25-FD3E184C4A78}.Debug|iPhone.ActiveCfg = Debug|Any CPU
		{C571DA2F-932C-4506-8B25-FD3E184C4A78}.Debug|iPhone.Build.0 = Debug|Any CPU
		{C571DA2F-932C-4506-8B25-FD3E184C4A78}.Debug|iPhone.Deploy.0 = Debug|Any CPU
		{C571DA2F-932C-4506-8B25-FD3E184C4A78}.Debug|iPhoneSimulator.ActiveCfg = Debug|Any CPU
		{C571DA2F-932C-4506-8B25-FD3E184C4A78}.Debug|iPhoneSimulator.Build.0 = Debug|Any CPU
		{C571DA2F-932C-4506-8B25-FD3E184C4A78}.Debug|iPhoneSimulator.Deploy.0 = Debug|Any CPU
		{C571DA2F-932C-4506-8B25-FD3E184C4A78}.Release|Any CPU.ActiveCfg = Release|Any CPU
		{C571DA2F-932C-4506-8B25-FD3E184C4A78}.Release|Any CPU.Build.0 = Release|Any CPU
		{C571DA2F-932C-4506-8B25-FD3E184C4A78}.Release|Any CPU.Deploy.0 = Release|Any CPU
		{C571DA2F-932C-4506-8B25-FD3E184C4A78}.Release|iPhone.ActiveCfg = Release|Any CPU
		{C571DA2F-932C-4506-8B25-FD3E184C4A78}.Release|iPhone.Build.0 = Release|Any CPU
		{C571DA2F-932C-4506-8B25-FD3E184C4A78}.Release|iPhone.Deploy.0 = Release|Any CPU
		{C571DA2F-932C-4506-8B25-FD3E184C4A78}.Release|iPhoneSimulator.ActiveCfg = Release|Any CPU
		{C571DA2F-932C-4506-8B25-FD3E184C4A78}.Release|iPhoneSimulator.Build.0 = Release|Any CPU
		{C571DA2F-932C-4506-8B25-FD3E184C4A78}.Release|iPhoneSimulator.Deploy.0 = Release|Any CPU
		{0710DFAA-CBD9-459E-BF87-7D63B0E00BBA}.Debug|Any CPU.ActiveCfg = Debug|iPhone
		{0710DFAA-CBD9-459E-BF87-7D63B0E00BBA}.Debug|iPhone.ActiveCfg = Debug|iPhone
		{0710DFAA-CBD9-459E-BF87-7D63B0E00BBA}.Debug|iPhone.Build.0 = Debug|iPhone
		{0710DFAA-CBD9-459E-BF87-7D63B0E00BBA}.Debug|iPhoneSimulator.ActiveCfg = Debug|iPhoneSimulator
		{0710DFAA-CBD9-459E-BF87-7D63B0E00BBA}.Debug|iPhoneSimulator.Build.0 = Debug|iPhoneSimulator
		{0710DFAA-CBD9-459E-BF87-7D63B0E00BBA}.Release|Any CPU.ActiveCfg = Release|iPhone
		{0710DFAA-CBD9-459E-BF87-7D63B0E00BBA}.Release|iPhone.ActiveCfg = Release|iPhone
		{0710DFAA-CBD9-459E-BF87-7D63B0E00BBA}.Release|iPhone.Build.0 = Release|iPhone
		{0710DFAA-CBD9-459E-BF87-7D63B0E00BBA}.Release|iPhoneSimulator.ActiveCfg = Release|iPhoneSimulator
		{0710DFAA-CBD9-459E-BF87-7D63B0E00BBA}.Release|iPhoneSimulator.Build.0 = Release|iPhoneSimulator
		{DFE51B17-3998-443E-AB24-1DC349C6C1DC}.Debug|Any CPU.ActiveCfg = Debug|Any CPU
		{DFE51B17-3998-443E-AB24-1DC349C6C1DC}.Debug|Any CPU.Build.0 = Debug|Any CPU
		{DFE51B17-3998-443E-AB24-1DC349C6C1DC}.Debug|iPhone.ActiveCfg = Debug|Any CPU
		{DFE51B17-3998-443E-AB24-1DC349C6C1DC}.Debug|iPhone.Build.0 = Debug|Any CPU
		{DFE51B17-3998-443E-AB24-1DC349C6C1DC}.Debug|iPhoneSimulator.ActiveCfg = Debug|Any CPU
		{DFE51B17-3998-443E-AB24-1DC349C6C1DC}.Debug|iPhoneSimulator.Build.0 = Debug|Any CPU
		{DFE51B17-3998-443E-AB24-1DC349C6C1DC}.Release|Any CPU.ActiveCfg = Release|Any CPU
		{DFE51B17-3998-443E-AB24-1DC349C6C1DC}.Release|Any CPU.Build.0 = Release|Any CPU
		{DFE51B17-3998-443E-AB24-1DC349C6C1DC}.Release|iPhone.ActiveCfg = Release|Any CPU
		{DFE51B17-3998-443E-AB24-1DC349C6C1DC}.Release|iPhone.Build.0 = Release|Any CPU
		{DFE51B17-3998-443E-AB24-1DC349C6C1DC}.Release|iPhoneSimulator.ActiveCfg = Release|Any CPU
		{DFE51B17-3998-443E-AB24-1DC349C6C1DC}.Release|iPhoneSimulator.Build.0 = Release|Any CPU
	EndGlobalSection
	GlobalSection(SolutionProperties) = preSolution
		HideSolutionNode = FALSE
	EndGlobalSection
	GlobalSection(ExtensibilityGlobals) = postSolution
		SolutionGuid = {405A6DA0-7032-4439-86DC-FC7A1D358045}
	EndGlobalSection
EndGlobal
