
Microsoft Visual Studio Solution File, Format Version 12.00
# Visual Studio Version 16
VisualStudioVersion = 16.0.29806.167
MinimumVisualStudioVersion = 10.0.40219.1
Project("{FAE04EC0-301F-11D3-BF4B-00C04F79EFBC}") = "Perspire.Android", "Perspire\Perspire.Android\Perspire.Android.csproj", "{E1A073A6-1021-4EF9-A012-7DDFB2B047A6}"
EndProject
Project("{FAE04EC0-301F-11D3-BF4B-00C04F79EFBC}") = "Perspire.iOS", "Perspire\Perspire.iOS\Perspire.iOS.csproj", "{8FB23F3A-02E6-4A51-B365-9CE0ED00618D}"
EndProject
Project("{FAE04EC0-301F-11D3-BF4B-00C04F79EFBC}") = "Perspire", "Perspire\Perspire\Perspire.csproj", "{DF8A5D83-857F-4A26-A22B-5F2CD0575ABA}"
EndProject
Global
	GlobalSection(SolutionConfigurationPlatforms) = preSolution
		Debug|Any CPU = Debug|Any CPU
		Debug|iPhone = Debug|iPhone
		Debug|iPhoneSimulator = Debug|iPhoneSimulator
		Release|Any CPU = Release|Any CPU
		Release|iPhone = Release|iPhone
		Release|iPhoneSimulator = Release|iPhoneSimulator
	EndGlobalSection
	GlobalSection(ProjectConfigurationPlatforms) = postSolution
		{E1A073A6-1021-4EF9-A012-7DDFB2B047A6}.Debug|Any CPU.ActiveCfg = Debug|Any CPU
		{E1A073A6-1021-4EF9-A012-7DDFB2B047A6}.Debug|Any CPU.Build.0 = Debug|Any CPU
		{E1A073A6-1021-4EF9-A012-7DDFB2B047A6}.Debug|Any CPU.Deploy.0 = Debug|Any CPU
		{E1A073A6-1021-4EF9-A012-7DDFB2B047A6}.Debug|iPhone.ActiveCfg = Debug|Any CPU
		{E1A073A6-1021-4EF9-A012-7DDFB2B047A6}.Debug|iPhone.Build.0 = Debug|Any CPU
		{E1A073A6-1021-4EF9-A012-7DDFB2B047A6}.Debug|iPhone.Deploy.0 = Debug|Any CPU
		{E1A073A6-1021-4EF9-A012-7DDFB2B047A6}.Debug|iPhoneSimulator.ActiveCfg = Debug|Any CPU
		{E1A073A6-1021-4EF9-A012-7DDFB2B047A6}.Debug|iPhoneSimulator.Build.0 = Debug|Any CPU
		{E1A073A6-1021-4EF9-A012-7DDFB2B047A6}.Debug|iPhoneSimulator.Deploy.0 = Debug|Any CPU
		{E1A073A6-1021-4EF9-A012-7DDFB2B047A6}.Release|Any CPU.ActiveCfg = Release|Any CPU
		{E1A073A6-1021-4EF9-A012-7DDFB2B047A6}.Release|Any CPU.Build.0 = Release|Any CPU
		{E1A073A6-1021-4EF9-A012-7DDFB2B047A6}.Release|Any CPU.Deploy.0 = Release|Any CPU
		{E1A073A6-1021-4EF9-A012-7DDFB2B047A6}.Release|iPhone.ActiveCfg = Release|Any CPU
		{E1A073A6-1021-4EF9-A012-7DDFB2B047A6}.Release|iPhone.Build.0 = Release|Any CPU
		{E1A073A6-1021-4EF9-A012-7DDFB2B047A6}.Release|iPhone.Deploy.0 = Release|Any CPU
		{E1A073A6-1021-4EF9-A012-7DDFB2B047A6}.Release|iPhoneSimulator.ActiveCfg = Release|Any CPU
		{E1A073A6-1021-4EF9-A012-7DDFB2B047A6}.Release|iPhoneSimulator.Build.0 = Release|Any CPU
		{E1A073A6-1021-4EF9-A012-7DDFB2B047A6}.Release|iPhoneSimulator.Deploy.0 = Release|Any CPU
		{8FB23F3A-02E6-4A51-B365-9CE0ED00618D}.Debug|Any CPU.ActiveCfg = Debug|iPhone
		{8FB23F3A-02E6-4A51-B365-9CE0ED00618D}.Debug|iPhone.ActiveCfg = Debug|iPhone
		{8FB23F3A-02E6-4A51-B365-9CE0ED00618D}.Debug|iPhone.Build.0 = Debug|iPhone
		{8FB23F3A-02E6-4A51-B365-9CE0ED00618D}.Debug|iPhoneSimulator.ActiveCfg = Debug|iPhoneSimulator
		{8FB23F3A-02E6-4A51-B365-9CE0ED00618D}.Debug|iPhoneSimulator.Build.0 = Debug|iPhoneSimulator
		{8FB23F3A-02E6-4A51-B365-9CE0ED00618D}.Release|Any CPU.ActiveCfg = Release|iPhone
		{8FB23F3A-02E6-4A51-B365-9CE0ED00618D}.Release|iPhone.ActiveCfg = Release|iPhone
		{8FB23F3A-02E6-4A51-B365-9CE0ED00618D}.Release|iPhone.Build.0 = Release|iPhone
		{8FB23F3A-02E6-4A51-B365-9CE0ED00618D}.Release|iPhoneSimulator.ActiveCfg = Release|iPhoneSimulator
		{8FB23F3A-02E6-4A51-B365-9CE0ED00618D}.Release|iPhoneSimulator.Build.0 = Release|iPhoneSimulator
		{DF8A5D83-857F-4A26-A22B-5F2CD0575ABA}.Debug|Any CPU.ActiveCfg = Debug|Any CPU
		{DF8A5D83-857F-4A26-A22B-5F2CD0575ABA}.Debug|Any CPU.Build.0 = Debug|Any CPU
		{DF8A5D83-857F-4A26-A22B-5F2CD0575ABA}.Debug|iPhone.ActiveCfg = Debug|Any CPU
		{DF8A5D83-857F-4A26-A22B-5F2CD0575ABA}.Debug|iPhone.Build.0 = Debug|Any CPU
		{DF8A5D83-857F-4A26-A22B-5F2CD0575ABA}.Debug|iPhoneSimulator.ActiveCfg = Debug|Any CPU
		{DF8A5D83-857F-4A26-A22B-5F2CD0575ABA}.Debug|iPhoneSimulator.Build.0 = Debug|Any CPU
		{DF8A5D83-857F-4A26-A22B-5F2CD0575ABA}.Release|Any CPU.ActiveCfg = Release|Any CPU
		{DF8A5D83-857F-4A26-A22B-5F2CD0575ABA}.Release|Any CPU.Build.0 = Release|Any CPU
		{DF8A5D83-857F-4A26-A22B-5F2CD0575ABA}.Release|iPhone.ActiveCfg = Release|Any CPU
		{DF8A5D83-857F-4A26-A22B-5F2CD0575ABA}.Release|iPhone.Build.0 = Release|Any CPU
		{DF8A5D83-857F-4A26-A22B-5F2CD0575ABA}.Release|iPhoneSimulator.ActiveCfg = Release|Any CPU
		{DF8A5D83-857F-4A26-A22B-5F2CD0575ABA}.Release|iPhoneSimulator.Build.0 = Release|Any CPU
	EndGlobalSection
	GlobalSection(SolutionProperties) = preSolution
		HideSolutionNode = FALSE
	EndGlobalSection
	GlobalSection(ExtensibilityGlobals) = postSolution
		SolutionGuid = {405A6DA0-7032-4439-86DC-FC7A1D358045}
	EndGlobalSection
EndGlobal
